
Microsoft Visual Studio Solution File, Format Version 12.00
# Visual Studio Version 17
VisualStudioVersion = 17.4.33213.308
MinimumVisualStudioVersion = 10.0.40219.1
Project("{FAE04EC0-301F-11D3-BF4B-00C04F79EFBC}") = "CoreImageUploader", "CoreImageUploader\CoreImageUploader.csproj", "{315D5C20-E325-42B2-8E89-01F6AA8AE44D}"
EndProject
Global
	GlobalSection(SolutionConfigurationPlatforms) = preSolution
		Debug|Any CPU = Debug|Any CPU
		Release|Any CPU = Release|Any CPU
	EndGlobalSection
	GlobalSection(ProjectConfigurationPlatforms) = postSolution
		{315D5C20-E325-42B2-8E89-01F6AA8AE44D}.Debug|Any CPU.ActiveCfg = Debug|Any CPU
		{315D5C20-E325-42B2-8E89-01F6AA8AE44D}.Debug|Any CPU.Build.0 = Debug|Any CPU
		{315D5C20-E325-42B2-8E89-01F6AA8AE44D}.Release|Any CPU.ActiveCfg = Release|Any CPU
		{315D5C20-E325-42B2-8E89-01F6AA8AE44D}.Release|Any CPU.Build.0 = Release|Any CPU
	EndGlobalSection
	GlobalSection(SolutionProperties) = preSolution
		HideSolutionNode = FALSE
	EndGlobalSection
	GlobalSection(ExtensibilityGlobals) = postSolution
		SolutionGuid = {E2323FC9-68E0-4A1D-955A-D327B4823781}
	EndGlobalSection
EndGlobal
